
Microsoft Visual Studio Solution File, Format Version 12.00
Project("{FAE04EC0-301F-11D3-BF4B-00C04F79EFBC}") = "ArcaneCompendium.API", "ArcaneCompendium.API\ArcaneCompendium.API.csproj", "{1687E768-E0B7-4D76-BBD6-BDB1BE5B2CE3}"
EndProject
Global
	GlobalSection(SolutionConfigurationPlatforms) = preSolution
		Debug|Any CPU = Debug|Any CPU
		Release|Any CPU = Release|Any CPU
	EndGlobalSection
	GlobalSection(ProjectConfigurationPlatforms) = postSolution
		{1687E768-E0B7-4D76-BBD6-BDB1BE5B2CE3}.Debug|Any CPU.ActiveCfg = Debug|Any CPU
		{1687E768-E0B7-4D76-BBD6-BDB1BE5B2CE3}.Debug|Any CPU.Build.0 = Debug|Any CPU
		{1687E768-E0B7-4D76-BBD6-BDB1BE5B2CE3}.Release|Any CPU.ActiveCfg = Release|Any CPU
		{1687E768-E0B7-4D76-BBD6-BDB1BE5B2CE3}.Release|Any CPU.Build.0 = Release|Any CPU
	EndGlobalSection
EndGlobal
